
Microsoft Visual Studio Solution File, Format Version 12.00
# Visual Studio Version 17
VisualStudioVersion = 17.7.34024.191
MinimumVisualStudioVersion = 10.0.40219.1
Project("{FAE04EC0-301F-11D3-BF4B-00C04F79EFBC}") = "Pract1_Create_a_password_field_check_on", "Pract1_Create_a_password_field_check_on\Pract1_Create_a_password_field_check_on.csproj", "{7635D067-5F47-40CF-83B7-D2BF7A555124}"
EndProject
Project("{FAE04EC0-301F-11D3-BF4B-00C04F79EFBC}") = "Create_a_password_field_check_on.Tests", "Create_a_password_field_check_on.Tests\Create_a_password_field_check_on.Tests.csproj", "{AD3EEC5B-8324-4793-9931-2E7EE9EE1137}"
EndProject
Global
	GlobalSection(SolutionConfigurationPlatforms) = preSolution
		Debug|Any CPU = Debug|Any CPU
		Release|Any CPU = Release|Any CPU
	EndGlobalSection
	GlobalSection(ProjectConfigurationPlatforms) = postSolution
		{7635D067-5F47-40CF-83B7-D2BF7A555124}.Debug|Any CPU.ActiveCfg = Debug|Any CPU
		{7635D067-5F47-40CF-83B7-D2BF7A555124}.Debug|Any CPU.Build.0 = Debug|Any CPU
		{7635D067-5F47-40CF-83B7-D2BF7A555124}.Release|Any CPU.ActiveCfg = Release|Any CPU
		{7635D067-5F47-40CF-83B7-D2BF7A555124}.Release|Any CPU.Build.0 = Release|Any CPU
		{AD3EEC5B-8324-4793-9931-2E7EE9EE1137}.Debug|Any CPU.ActiveCfg = Debug|Any CPU
		{AD3EEC5B-8324-4793-9931-2E7EE9EE1137}.Debug|Any CPU.Build.0 = Debug|Any CPU
		{AD3EEC5B-8324-4793-9931-2E7EE9EE1137}.Release|Any CPU.ActiveCfg = Release|Any CPU
		{AD3EEC5B-8324-4793-9931-2E7EE9EE1137}.Release|Any CPU.Build.0 = Release|Any CPU
	EndGlobalSection
	GlobalSection(SolutionProperties) = preSolution
		HideSolutionNode = FALSE
	EndGlobalSection
	GlobalSection(ExtensibilityGlobals) = postSolution
		SolutionGuid = {5C201910-E829-4184-B56D-2AD2A9FFBE30}
	EndGlobalSection
EndGlobal
